
Microsoft Visual Studio Solution File, Format Version 12.00
# Visual Studio 15
VisualStudioVersion = 15.0.26124.0
MinimumVisualStudioVersion = 15.0.26124.0
Project("{FAE04EC0-301F-11D3-BF4B-00C04F79EFBC}") = "MongoDb.Samples", "src\MongoDb.Samples\MongoDb.Samples.csproj", "{E1DE60D0-CBFC-4D5A-8869-E6DBED88ED34}"
EndProject
Project("{FAE04EC0-301F-11D3-BF4B-00C04F79EFBC}") = "MongoDb.Samples.Test", "test\MongoDb.Samples.Test\MongoDb.Samples.Test.csproj", "{AD945F67-1335-436D-A581-B20B5AD8F971}"
EndProject
Project("{2150E333-8FDC-42A3-9474-1A3956D46DE8}") = "sln", "sln", "{525BD7D0-D9CA-4998-A68D-EB532C27D508}"
ProjectSection(SolutionItems) = preProject
	README.md = README.md
EndProjectSection
EndProject
Global
	GlobalSection(SolutionConfigurationPlatforms) = preSolution
		Debug|Any CPU = Debug|Any CPU
		Debug|x64 = Debug|x64
		Debug|x86 = Debug|x86
		Release|Any CPU = Release|Any CPU
		Release|x64 = Release|x64
		Release|x86 = Release|x86
	EndGlobalSection
	GlobalSection(SolutionProperties) = preSolution
		HideSolutionNode = FALSE
	EndGlobalSection
	GlobalSection(ProjectConfigurationPlatforms) = postSolution
		{E1DE60D0-CBFC-4D5A-8869-E6DBED88ED34}.Debug|Any CPU.ActiveCfg = Debug|Any CPU
		{E1DE60D0-CBFC-4D5A-8869-E6DBED88ED34}.Debug|Any CPU.Build.0 = Debug|Any CPU
		{E1DE60D0-CBFC-4D5A-8869-E6DBED88ED34}.Debug|x64.ActiveCfg = Debug|Any CPU
		{E1DE60D0-CBFC-4D5A-8869-E6DBED88ED34}.Debug|x64.Build.0 = Debug|Any CPU
		{E1DE60D0-CBFC-4D5A-8869-E6DBED88ED34}.Debug|x86.ActiveCfg = Debug|Any CPU
		{E1DE60D0-CBFC-4D5A-8869-E6DBED88ED34}.Debug|x86.Build.0 = Debug|Any CPU
		{E1DE60D0-CBFC-4D5A-8869-E6DBED88ED34}.Release|Any CPU.ActiveCfg = Release|Any CPU
		{E1DE60D0-CBFC-4D5A-8869-E6DBED88ED34}.Release|Any CPU.Build.0 = Release|Any CPU
		{E1DE60D0-CBFC-4D5A-8869-E6DBED88ED34}.Release|x64.ActiveCfg = Release|Any CPU
		{E1DE60D0-CBFC-4D5A-8869-E6DBED88ED34}.Release|x64.Build.0 = Release|Any CPU
		{E1DE60D0-CBFC-4D5A-8869-E6DBED88ED34}.Release|x86.ActiveCfg = Release|Any CPU
		{E1DE60D0-CBFC-4D5A-8869-E6DBED88ED34}.Release|x86.Build.0 = Release|Any CPU
		{AD945F67-1335-436D-A581-B20B5AD8F971}.Debug|Any CPU.ActiveCfg = Debug|Any CPU
		{AD945F67-1335-436D-A581-B20B5AD8F971}.Debug|Any CPU.Build.0 = Debug|Any CPU
		{AD945F67-1335-436D-A581-B20B5AD8F971}.Debug|x64.ActiveCfg = Debug|Any CPU
		{AD945F67-1335-436D-A581-B20B5AD8F971}.Debug|x64.Build.0 = Debug|Any CPU
		{AD945F67-1335-436D-A581-B20B5AD8F971}.Debug|x86.ActiveCfg = Debug|Any CPU
		{AD945F67-1335-436D-A581-B20B5AD8F971}.Debug|x86.Build.0 = Debug|Any CPU
		{AD945F67-1335-436D-A581-B20B5AD8F971}.Release|Any CPU.ActiveCfg = Release|Any CPU
		{AD945F67-1335-436D-A581-B20B5AD8F971}.Release|Any CPU.Build.0 = Release|Any CPU
		{AD945F67-1335-436D-A581-B20B5AD8F971}.Release|x64.ActiveCfg = Release|Any CPU
		{AD945F67-1335-436D-A581-B20B5AD8F971}.Release|x64.Build.0 = Release|Any CPU
		{AD945F67-1335-436D-A581-B20B5AD8F971}.Release|x86.ActiveCfg = Release|Any CPU
		{AD945F67-1335-436D-A581-B20B5AD8F971}.Release|x86.Build.0 = Release|Any CPU
	EndGlobalSection
EndGlobal
